# Solo-Code Harness Manifest
# ===========================
# File này đánh dấu ranh giới giữa harness infrastructure và code dự án.
# AI Model: đọc file này trước khi phân tích codebase.
#
# MỌI FILE/THƯ MỤC trong [boundaries] là HARNESS — KHÔNG phải code dự án.
# Không sửa, không phân tích như logic nghiệp vụ.

[harness]
version = "3.6.0"
source = "solo-code-io/solo-code-cli"
generated_at = "2026-07-13T00:27:00Z"

[boundaries]
# Thư mục harness — KHÔNG chứa code dự án
dirs = [
    ".kilo",
    ".opencode",
    ".copilot",
    ".gemini",
    ".claude",
    ".claude-plugin",
    ".github",
    ".contracts",
    ".vscode",
    "tools",
]

# File gốc harness — KHÔNG phải code dự án
files = [
    "AGENTS.md",
    "CLAUDE.md",
    "agent.yaml",
    "kilo.jsonc",
    "opencode.json",
    ".mcp.json",
    ".ruff.toml",
    ".gitleaks.toml",
    "Makefile",
    "pyproject.toml",
    "opencode.ps1",
    "claude-env.ps1",
    "verify.sh",
    "init.sh",
    "extensions_config.json",
    "SPEC.md",
    ".gitignore",
    ".pre-commit-config.yaml",
]

# File đánh dấu dành riêng cho harness
markers = [
    ".harness.lock",
    ".solocode",
]
